// !$*UTF8*$!
{
	archiveVersion = 1;
	classes = {
	};
	objectVersion = 46;
	objects = {

/* Begin PBXBuildFile section */
		AA74633C151C74C3006386BB /* QuickLook.framework in Frameworks */ = {isa = PBXBuildFile; fileRef = AA74633B151C74C3006386BB /* QuickLook.framework */; };
		AA74633E151C74C3006386BB /* ApplicationServices.framework in Frameworks */ = {isa = PBXBuildFile; fileRef = AA74633D151C74C3006386BB /* ApplicationServices.framework */; };
		AA746340151C74C3006386BB /* CoreServices.framework in Frameworks */ = {isa = PBXBuildFile; fileRef = AA74633F151C74C3006386BB /* CoreServices.framework */; };
		AA746342151C74C3006386BB /* CoreFoundation.framework in Frameworks */ = {isa = PBXBuildFile; fileRef = AA746341151C74C3006386BB /* CoreFoundation.framework */; };
		AA746348151C74C3006386BB /* InfoPlist.strings in Resources */ = {isa = PBXBuildFile; fileRef = AA746346151C74C3006386BB /* InfoPlist.strings */; };
		AA74634A151C74C3006386BB /* GenerateThumbnailForURL.m in Sources */ = {isa = PBXBuildFile; fileRef = AA746349151C74C3006386BB /* GenerateThumbnailForURL.m */; };
		AA74634C151C74C3006386BB /* GeneratePreviewForURL.m in Sources */ = {isa = PBXBuildFile; fileRef = AA74634B151C74C3006386BB /* GeneratePreviewForURL.m */; };
		AA74634E151C74C3006386BB /* main.c in Sources */ = {isa = PBXBuildFile; fileRef = AA74634D151C74C3006386BB /* main.c */; };
		AA746366151C788D006386BB /* Cocoa.framework in Frameworks */ = {isa = PBXBuildFile; fileRef = AA746365151C788D006386BB /* Cocoa.framework */; };
		AA7463BD151C90C0006386BB /* ChangeLogUnzip in Resources */ = {isa = PBXBuildFile; fileRef = AA7463B1151C90C0006386BB /* ChangeLogUnzip */; };
		AA7463BF151C90C0006386BB /* ioapi.c in Sources */ = {isa = PBXBuildFile; fileRef = AA7463B3151C90C0006386BB /* ioapi.c */; };
		AA7463C1151C90C0006386BB /* mztools.c in Sources */ = {isa = PBXBuildFile; fileRef = AA7463B5151C90C0006386BB /* mztools.c */; };
		AA7463C3151C90C0006386BB /* unzip.c in Sources */ = {isa = PBXBuildFile; fileRef = AA7463B7151C90C0006386BB /* unzip.c */; };
		AA7463C5151C90C0006386BB /* zip.c in Sources */ = {isa = PBXBuildFile; fileRef = AA7463B9151C90C0006386BB /* zip.c */; };
		AA7463C8151C90C0006386BB /* ZipArchive.mm in Sources */ = {isa = PBXBuildFile; fileRef = AA7463BC151C90C0006386BB /* ZipArchive.mm */; };
/* End PBXBuildFile section */

/* Begin PBXFileReference section */
		AA01B852151CA39300BBF257 /* SenTestingKit.framework */ = {isa = PBXFileReference; lastKnownFileType = wrapper.framework; name = SenTestingKit.framework; path = Library/Frameworks/SenTestingKit.framework; sourceTree = DEVELOPER_DIR; };
		AA01B856151CA39300BBF257 /* AppKit.framework */ = {isa = PBXFileReference; lastKnownFileType = wrapper.framework; name = AppKit.framework; path = Library/Frameworks/AppKit.framework; sourceTree = SDKROOT; };
		AA01B857151CA39300BBF257 /* CoreData.framework */ = {isa = PBXFileReference; lastKnownFileType = wrapper.framework; name = CoreData.framework; path = Library/Frameworks/CoreData.framework; sourceTree = SDKROOT; };
		AA01B858151CA39300BBF257 /* Foundation.framework */ = {isa = PBXFileReference; lastKnownFileType = wrapper.framework; name = Foundation.framework; path = Library/Frameworks/Foundation.framework; sourceTree = SDKROOT; };
		AA746338151C74C3006386BB /* iCloudCDT.qlgenerator */ = {isa = PBXFileReference; explicitFileType = wrapper.cfbundle; includeInIndex = 0; path = iCloudCDT.qlgenerator; sourceTree = BUILT_PRODUCTS_DIR; };
		AA74633B151C74C3006386BB /* QuickLook.framework */ = {isa = PBXFileReference; lastKnownFileType = wrapper.framework; name = QuickLook.framework; path = System/Library/Frameworks/QuickLook.framework; sourceTree = SDKROOT; };
		AA74633D151C74C3006386BB /* ApplicationServices.framework */ = {isa = PBXFileReference; lastKnownFileType = wrapper.framework; name = ApplicationServices.framework; path = System/Library/Frameworks/ApplicationServices.framework; sourceTree = SDKROOT; };
		AA74633F151C74C3006386BB /* CoreServices.framework */ = {isa = PBXFileReference; lastKnownFileType = wrapper.framework; name = CoreServices.framework; path = System/Library/Frameworks/CoreServices.framework; sourceTree = SDKROOT; };
		AA746341151C74C3006386BB /* CoreFoundation.framework */ = {isa = PBXFileReference; lastKnownFileType = wrapper.framework; name = CoreFoundation.framework; path = System/Library/Frameworks/CoreFoundation.framework; sourceTree = SDKROOT; };
		AA746345151C74C3006386BB /* QuickLookiCloudCDT-Info.plist */ = {isa = PBXFileReference; lastKnownFileType = text.plist.xml; path = "QuickLookiCloudCDT-Info.plist"; sourceTree = "<group>"; };
		AA746347151C74C3006386BB /* en */ = {isa = PBXFileReference; lastKnownFileType = text.plist.strings; name = en; path = en.lproj/InfoPlist.strings; sourceTree = "<group>"; };
		AA746349151C74C3006386BB /* GenerateThumbnailForURL.m */ = {isa = PBXFileReference; lastKnownFileType = sourcecode.c.objc; path = GenerateThumbnailForURL.m; sourceTree = "<group>"; };
		AA74634B151C74C3006386BB /* GeneratePreviewForURL.m */ = {isa = PBXFileReference; lastKnownFileType = sourcecode.c.objc; path = GeneratePreviewForURL.m; sourceTree = "<group>"; };
		AA74634D151C74C3006386BB /* main.c */ = {isa = PBXFileReference; lastKnownFileType = sourcecode.c.c; path = main.c; sourceTree = "<group>"; };
		AA74634F151C74C3006386BB /* QuickLookiCloudCDT-Prefix.pch */ = {isa = PBXFileReference; lastKnownFileType = sourcecode.c.h; path = "QuickLookiCloudCDT-Prefix.pch"; sourceTree = "<group>"; };
		AA746365151C788D006386BB /* Cocoa.framework */ = {isa = PBXFileReference; lastKnownFileType = wrapper.framework; name = Cocoa.framework; path = System/Library/Frameworks/Cocoa.framework; sourceTree = SDKROOT; };
		AA7463B1151C90C0006386BB /* ChangeLogUnzip */ = {isa = PBXFileReference; fileEncoding = 4; lastKnownFileType = text; path = ChangeLogUnzip; sourceTree = "<group>"; };
		AA7463B2151C90C0006386BB /* crypt.h */ = {isa = PBXFileReference; fileEncoding = 4; lastKnownFileType = sourcecode.objj.h; path = crypt.h; sourceTree = "<group>"; };
		AA7463B3151C90C0006386BB /* ioapi.c */ = {isa = PBXFileReference; fileEncoding = 4; lastKnownFileType = sourcecode.c.c; path = ioapi.c; sourceTree = "<group>"; };
		AA7463B4151C90C0006386BB /* ioapi.h */ = {isa = PBXFileReference; fileEncoding = 4; lastKnownFileType = sourcecode.objj.h; path = ioapi.h; sourceTree = "<group>"; };
		AA7463B5151C90C0006386BB /* mztools.c */ = {isa = PBXFileReference; fileEncoding = 4; lastKnownFileType = sourcecode.c.c; path = mztools.c; sourceTree = "<group>"; };
		AA7463B6151C90C0006386BB /* mztools.h */ = {isa = PBXFileReference; fileEncoding = 4; lastKnownFileType = sourcecode.objj.h; path = mztools.h; sourceTree = "<group>"; };
		AA7463B7151C90C0006386BB /* unzip.c */ = {isa = PBXFileReference; fileEncoding = 4; lastKnownFileType = sourcecode.c.c; path = unzip.c; sourceTree = "<group>"; };
		AA7463B8151C90C0006386BB /* unzip.h */ = {isa = PBXFileReference; fileEncoding = 4; lastKnownFileType = sourcecode.objj.h; path = unzip.h; sourceTree = "<group>"; };
		AA7463B9151C90C0006386BB /* zip.c */ = {isa = PBXFileReference; fileEncoding = 4; lastKnownFileType = sourcecode.c.c; path = zip.c; sourceTree = "<group>"; };
		AA7463BA151C90C0006386BB /* zip.h */ = {isa = PBXFileReference; fileEncoding = 4; lastKnownFileType = sourcecode.objj.h; path = zip.h; sourceTree = "<group>"; };
		AA7463BB151C90C0006386BB /* ZipArchive.h */ = {isa = PBXFileReference; fileEncoding = 4; lastKnownFileType = sourcecode.objj.h; path = ZipArchive.h; sourceTree = "<group>"; };
		AA7463BC151C90C0006386BB /* ZipArchive.mm */ = {isa = PBXFileReference; fileEncoding = 4; lastKnownFileType = sourcecode.cpp.objcpp; path = ZipArchive.mm; sourceTree = "<group>"; };
/* End PBXFileReference section */

/* Begin PBXFrameworksBuildPhase section */
		AA746333151C74C3006386BB /* Frameworks */ = {
			isa = PBXFrameworksBuildPhase;
			buildActionMask = 2147483647;
			files = (
				AA746366151C788D006386BB /* Cocoa.framework in Frameworks */,
				AA74633C151C74C3006386BB /* QuickLook.framework in Frameworks */,
				AA74633E151C74C3006386BB /* ApplicationServices.framework in Frameworks */,
				AA746340151C74C3006386BB /* CoreServices.framework in Frameworks */,
				AA746342151C74C3006386BB /* CoreFoundation.framework in Frameworks */,
			);
			runOnlyForDeploymentPostprocessing = 0;
		};
/* End PBXFrameworksBuildPhase section */

/* Begin PBXGroup section */
		AA01B855151CA39300BBF257 /* Other Frameworks */ = {
			isa = PBXGroup;
			children = (
				AA01B856151CA39300BBF257 /* AppKit.framework */,
				AA01B857151CA39300BBF257 /* CoreData.framework */,
				AA01B858151CA39300BBF257 /* Foundation.framework */,
			);
			name = "Other Frameworks";
			sourceTree = "<group>";
		};
		AA74632B151C74C3006386BB = {
			isa = PBXGroup;
			children = (
				AA746343151C74C3006386BB /* QuickLookiCloudCDT */,
				AA74633A151C74C3006386BB /* Frameworks */,
				AA746339151C74C3006386BB /* Products */,
			);
			sourceTree = "<group>";
		};
		AA746339151C74C3006386BB /* Products */ = {
			isa = PBXGroup;
			children = (
				AA746338151C74C3006386BB /* iCloudCDT.qlgenerator */,
			);
			name = Products;
			sourceTree = "<group>";
		};
		AA74633A151C74C3006386BB /* Frameworks */ = {
			isa = PBXGroup;
			children = (
				AA7463AF151C90C0006386BB /* ZipArchive */,
				AA746365151C788D006386BB /* Cocoa.framework */,
				AA74633B151C74C3006386BB /* QuickLook.framework */,
				AA74633D151C74C3006386BB /* ApplicationServices.framework */,
				AA74633F151C74C3006386BB /* CoreServices.framework */,
				AA746341151C74C3006386BB /* CoreFoundation.framework */,
				AA01B852151CA39300BBF257 /* SenTestingKit.framework */,
				AA01B855151CA39300BBF257 /* Other Frameworks */,
			);
			name = Frameworks;
			sourceTree = "<group>";
		};
		AA746343151C74C3006386BB /* QuickLookiCloudCDT */ = {
			isa = PBXGroup;
			children = (
				AA746349151C74C3006386BB /* GenerateThumbnailForURL.m */,
				AA74634B151C74C3006386BB /* GeneratePreviewForURL.m */,
				AA74634D151C74C3006386BB /* main.c */,
				AA746344151C74C3006386BB /* Supporting Files */,
			);
			path = QuickLookiCloudCDT;
			sourceTree = "<group>";
		};
		AA746344151C74C3006386BB /* Supporting Files */ = {
			isa = PBXGroup;
			children = (
				AA746345151C74C3006386BB /* QuickLookiCloudCDT-Info.plist */,
				AA746346151C74C3006386BB /* InfoPlist.strings */,
				AA74634F151C74C3006386BB /* QuickLookiCloudCDT-Prefix.pch */,
			);
			name = "Supporting Files";
			sourceTree = "<group>";
		};
		AA7463AF151C90C0006386BB /* ZipArchive */ = {
			isa = PBXGroup;
			children = (
				AA7463B0151C90C0006386BB /* minizip */,
				AA7463BB151C90C0006386BB /* ZipArchive.h */,
				AA7463BC151C90C0006386BB /* ZipArchive.mm */,
			);
			name = ZipArchive;
			path = QuickLookiCloudCDT/Libraries/ZipArchive;
			sourceTree = "<group>";
		};
		AA7463B0151C90C0006386BB /* minizip */ = {
			isa = PBXGroup;
			children = (
				AA7463B1151C90C0006386BB /* ChangeLogUnzip */,
				AA7463B2151C90C0006386BB /* crypt.h */,
				AA7463B3151C90C0006386BB /* ioapi.c */,
				AA7463B4151C90C0006386BB /* ioapi.h */,
				AA7463B5151C90C0006386BB /* mztools.c */,
				AA7463B6151C90C0006386BB /* mztools.h */,
				AA7463B7151C90C0006386BB /* unzip.c */,
				AA7463B8151C90C0006386BB /* unzip.h */,
				AA7463B9151C90C0006386BB /* zip.c */,
				AA7463BA151C90C0006386BB /* zip.h */,
			);
			path = minizip;
			sourceTree = "<group>";
		};
/* End PBXGroup section */

/* Begin PBXHeadersBuildPhase section */
		AA746334151C74C3006386BB /* Headers */ = {
			isa = PBXHeadersBuildPhase;
			buildActionMask = 2147483647;
			files = (
			);
			runOnlyForDeploymentPostprocessing = 0;
		};
/* End PBXHeadersBuildPhase section */

/* Begin PBXNativeTarget section */
		AA746337151C74C3006386BB /* QuickLookiCloudCDT */ = {
			isa = PBXNativeTarget;
			buildConfigurationList = AA746352151C74C3006386BB /* Build configuration list for PBXNativeTarget "QuickLookiCloudCDT" */;
			buildPhases = (
				AA746332151C74C3006386BB /* Sources */,
				AA746333151C74C3006386BB /* Frameworks */,
				AA746334151C74C3006386BB /* Headers */,
				AA746335151C74C3006386BB /* Resources */,
				AA746336151C74C3006386BB /* Rez */,
			);
			buildRules = (
			);
			dependencies = (
			);
			name = QuickLookiCloudCDT;
			productName = QuickLookiCloudCDT;
			productReference = AA746338151C74C3006386BB /* iCloudCDT.qlgenerator */;
			productType = "com.apple.product-type.bundle";
		};
/* End PBXNativeTarget section */

/* Begin PBXProject section */
		AA74632D151C74C3006386BB /* Project object */ = {
			isa = PBXProject;
			attributes = {
				LastUpgradeCheck = 0430;
				ORGANIZATIONNAME = "Christian Beer";
			};
			buildConfigurationList = AA746330151C74C3006386BB /* Build configuration list for PBXProject "QuickLookiCloudCDT" */;
			compatibilityVersion = "Xcode 3.2";
			developmentRegion = English;
			hasScannedForEncodings = 0;
			knownRegions = (
				en,
			);
			mainGroup = AA74632B151C74C3006386BB;
			productRefGroup = AA746339151C74C3006386BB /* Products */;
			projectDirPath = "";
			projectRoot = "";
			targets = (
				AA746337151C74C3006386BB /* QuickLookiCloudCDT */,
			);
		};
/* End PBXProject section */

/* Begin PBXResourcesBuildPhase section */
		AA746335151C74C3006386BB /* Resources */ = {
			isa = PBXResourcesBuildPhase;
			buildActionMask = 2147483647;
			files = (
				AA746348151C74C3006386BB /* InfoPlist.strings in Resources */,
				AA7463BD151C90C0006386BB /* ChangeLogUnzip in Resources */,
			);
			runOnlyForDeploymentPostprocessing = 0;
		};
/* End PBXResourcesBuildPhase section */

/* Begin PBXRezBuildPhase section */
		AA746336151C74C3006386BB /* Rez */ = {
			isa = PBXRezBuildPhase;
			buildActionMask = 2147483647;
			files = (
			);
			runOnlyForDeploymentPostprocessing = 0;
		};
/* End PBXRezBuildPhase section */

/* Begin PBXSourcesBuildPhase section */
		AA746332151C74C3006386BB /* Sources */ = {
			isa = PBXSourcesBuildPhase;
			buildActionMask = 2147483647;
			files = (
				AA74634A151C74C3006386BB /* GenerateThumbnailForURL.m in Sources */,
				AA74634C151C74C3006386BB /* GeneratePreviewForURL.m in Sources */,
				AA74634E151C74C3006386BB /* main.c in Sources */,
				AA7463BF151C90C0006386BB /* ioapi.c in Sources */,
				AA7463C1151C90C0006386BB /* mztools.c in Sources */,
				AA7463C3151C90C0006386BB /* unzip.c in Sources */,
				AA7463C5151C90C0006386BB /* zip.c in Sources */,
				AA7463C8151C90C0006386BB /* ZipArchive.mm in Sources */,
			);
			runOnlyForDeploymentPostprocessing = 0;
		};
/* End PBXSourcesBuildPhase section */

/* Begin PBXVariantGroup section */
		AA746346151C74C3006386BB /* InfoPlist.strings */ = {
			isa = PBXVariantGroup;
			children = (
				AA746347151C74C3006386BB /* en */,
			);
			name = InfoPlist.strings;
			sourceTree = "<group>";
		};
/* End PBXVariantGroup section */

/* Begin XCBuildConfiguration section */
		AA746350151C74C3006386BB /* Debug */ = {
			isa = XCBuildConfiguration;
			buildSettings = {
				ALWAYS_SEARCH_USER_PATHS = NO;
				ARCHS = "$(ARCHS_STANDARD_64_BIT)";
				CLANG_ENABLE_OBJC_ARC = YES;
				COPY_PHASE_STRIP = NO;
				GCC_C_LANGUAGE_STANDARD = gnu99;
				GCC_DYNAMIC_NO_PIC = NO;
				GCC_ENABLE_OBJC_EXCEPTIONS = YES;
				GCC_OPTIMIZATION_LEVEL = 0;
				GCC_PREPROCESSOR_DEFINITIONS = (
					"DEBUG=1",
					"$(inherited)",
				);
				GCC_SYMBOLS_PRIVATE_EXTERN = NO;
				GCC_VERSION = com.apple.compilers.llvm.clang.1_0;
				GCC_WARN_64_TO_32_BIT_CONVERSION = YES;
				GCC_WARN_ABOUT_RETURN_TYPE = YES;
				GCC_WARN_UNINITIALIZED_AUTOS = YES;
				GCC_WARN_UNUSED_VARIABLE = YES;
				MACOSX_DEPLOYMENT_TARGET = 10.7;
				ONLY_ACTIVE_ARCH = YES;
				SDKROOT = macosx;
			};
			name = Debug;
		};
		AA746351151C74C3006386BB /* Release */ = {
			isa = XCBuildConfiguration;
			buildSettings = {
				ALWAYS_SEARCH_USER_PATHS = NO;
				ARCHS = "$(ARCHS_STANDARD_64_BIT)";
				CLANG_ENABLE_OBJC_ARC = YES;
				COPY_PHASE_STRIP = YES;
				DEBUG_INFORMATION_FORMAT = "dwarf-with-dsym";
				GCC_C_LANGUAGE_STANDARD = gnu99;
				GCC_ENABLE_OBJC_EXCEPTIONS = YES;
				GCC_VERSION = com.apple.compilers.llvm.clang.1_0;
				GCC_WARN_64_TO_32_BIT_CONVERSION = YES;
				GCC_WARN_ABOUT_RETURN_TYPE = YES;
				GCC_WARN_UNINITIALIZED_AUTOS = YES;
				GCC_WARN_UNUSED_VARIABLE = YES;
				MACOSX_DEPLOYMENT_TARGET = 10.7;
				SDKROOT = macosx;
			};
			name = Release;
		};
		AA746353151C74C3006386BB /* Debug */ = {
			isa = XCBuildConfiguration;
			buildSettings = {
				GCC_PRECOMPILE_PREFIX_HEADER = YES;
				GCC_PREFIX_HEADER = "QuickLookiCloudCDT/QuickLookiCloudCDT-Prefix.pch";
				INFOPLIST_FILE = "QuickLookiCloudCDT/QuickLookiCloudCDT-Info.plist";
				INSTALL_PATH = /Library/QuickLook;
				OTHER_LDFLAGS = "-lz";
				PRODUCT_NAME = iCloudCDT;
				WRAPPER_EXTENSION = qlgenerator;
			};
			name = Debug;
		};
		AA746354151C74C3006386BB /* Release */ = {
			isa = XCBuildConfiguration;
			buildSettings = {
				GCC_PRECOMPILE_PREFIX_HEADER = YES;
				GCC_PREFIX_HEADER = "QuickLookiCloudCDT/QuickLookiCloudCDT-Prefix.pch";
				INFOPLIST_FILE = "QuickLookiCloudCDT/QuickLookiCloudCDT-Info.plist";
				INSTALL_PATH = /Library/QuickLook;
				OTHER_LDFLAGS = "-lz";
				PRODUCT_NAME = iCloudCDT;
				WRAPPER_EXTENSION = qlgenerator;
			};
			name = Release;
		};
/* End XCBuildConfiguration section */

/* Begin XCConfigurationList section */
		AA746330151C74C3006386BB /* Build configuration list for PBXProject "QuickLookiCloudCDT" */ = {
			isa = XCConfigurationList;
			buildConfigurations = (
				AA746350151C74C3006386BB /* Debug */,
				AA746351151C74C3006386BB /* Release */,
			);
			defaultConfigurationIsVisible = 0;
			defaultConfigurationName = Release;
		};
		AA746352151C74C3006386BB /* Build configuration list for PBXNativeTarget "QuickLookiCloudCDT" */ = {
			isa = XCConfigurationList;
			buildConfigurations = (
				AA746353151C74C3006386BB /* Debug */,
				AA746354151C74C3006386BB /* Release */,
			);
			defaultConfigurationIsVisible = 0;
			defaultConfigurationName = Release;
		};
/* End XCConfigurationList section */
	};
	rootObject = AA74632D151C74C3006386BB /* Project object */;
}
